{
  "pins" : [
    {
      "identity" : "ipalog",
      "kind" : "remoteSourceControl",
      "location" : "https://github.com/ipapamagic/IPaLog.git",
      "state" : {
        "revision" : "69938bb622a5d6dea1fb1641a29e337281a1dbf5",
        "version" : "3.1.0"
      }
    },
    {
      "identity" : "ipasecurity",
      "kind" : "remoteSourceControl",
      "location" : "https://github.com/ipapamagic/IPaSecurity.git",
      "state" : {
        "revision" : "48939af3b76d1b06402b7622bf5c94d81f4c7e49",
        "version" : "4.1.0"
      }
    }
  ],
  "version" : 2
}
